
Microsoft Visual Studio Solution File, Format Version 12.00
# Visual Studio Version 17
VisualStudioVersion = 17.10.35013.160
MinimumVisualStudioVersion = 10.0.40219.1
Project("{FAE04EC0-301F-11D3-BF4B-00C04F79EFBC}") = "GoalWebApp", "GoalWebApp\GoalWebApp.csproj", "{48DE02EF-219C-4962-8573-547FFDD37AFF}"
EndProject
Global
	GlobalSection(SolutionConfigurationPlatforms) = preSolution
		Debug|Any CPU = Debug|Any CPU
		Release|Any CPU = Release|Any CPU
	EndGlobalSection
	GlobalSection(ProjectConfigurationPlatforms) = postSolution
		{48DE02EF-219C-4962-8573-547FFDD37AFF}.Debug|Any CPU.ActiveCfg = Debug|Any CPU
		{48DE02EF-219C-4962-8573-547FFDD37AFF}.Debug|Any CPU.Build.0 = Debug|Any CPU
		{48DE02EF-219C-4962-8573-547FFDD37AFF}.Release|Any CPU.ActiveCfg = Release|Any CPU
		{48DE02EF-219C-4962-8573-547FFDD37AFF}.Release|Any CPU.Build.0 = Release|Any CPU
	EndGlobalSection
	GlobalSection(SolutionProperties) = preSolution
		HideSolutionNode = FALSE
	EndGlobalSection
	GlobalSection(ExtensibilityGlobals) = postSolution
		SolutionGuid = {FE72449C-5B32-485A-84A0-2811DAF56E62}
	EndGlobalSection
EndGlobal
